// !$*UTF8*$!
{
	archiveVersion = 1;
	classes = {
	};
	objectVersion = 51;
	objects = {

/* Begin PBXBuildFile section */
		22CF34DE2DB633834FF517D1 /* Pods_ImageEditor.framework in Frameworks */ = {isa = PBXBuildFile; fileRef = 36D295B5E30213158F8548FE /* Pods_ImageEditor.framework */; };
		F42BE805273C5AD2006BB0B0 /* ImageUploadURL.swift in Sources */ = {isa = PBXBuildFile; fileRef = F42BE804273C5AD2006BB0B0 /* ImageUploadURL.swift */; };
		F42BE808273C5B4F006BB0B0 /* ImageUpload.swift in Sources */ = {isa = PBXBuildFile; fileRef = F42BE807273C5B4F006BB0B0 /* ImageUpload.swift */; };
		F4582E782739B9A0001FA919 /* AppDelegate.swift in Sources */ = {isa = PBXBuildFile; fileRef = F4582E772739B9A0001FA919 /* AppDelegate.swift */; };
		F4582E7A2739B9A0001FA919 /* SceneDelegate.swift in Sources */ = {isa = PBXBuildFile; fileRef = F4582E792739B9A0001FA919 /* SceneDelegate.swift */; };
		F4582E7F2739B9A0001FA919 /* Main.storyboard in Resources */ = {isa = PBXBuildFile; fileRef = F4582E7D2739B9A0001FA919 /* Main.storyboard */; };
		F4582E812739B9C5001FA919 /* Assets.xcassets in Resources */ = {isa = PBXBuildFile; fileRef = F4582E802739B9C5001FA919 /* Assets.xcassets */; };
		F4582E842739B9C5001FA919 /* LaunchScreen.storyboard in Resources */ = {isa = PBXBuildFile; fileRef = F4582E822739B9C5001FA919 /* LaunchScreen.storyboard */; };
		F4582E962739BB5E001FA919 /* Network.swift in Sources */ = {isa = PBXBuildFile; fileRef = F4582E952739BB5E001FA919 /* Network.swift */; };
		F4582E9A2739BB6A001FA919 /* Image.swift in Sources */ = {isa = PBXBuildFile; fileRef = F4582E992739BB6A001FA919 /* Image.swift */; };
		F4582E9D2739BB78001FA919 /* Model.swift in Sources */ = {isa = PBXBuildFile; fileRef = F4582E9C2739BB78001FA919 /* Model.swift */; };
		F4582EA02739BBA8001FA919 /* DisplayImageViewController.swift in Sources */ = {isa = PBXBuildFile; fileRef = F4582E9F2739BBA8001FA919 /* DisplayImageViewController.swift */; };
		F4582EA32739BCA3001FA919 /* DisplayImageCollectionViewCell.swift in Sources */ = {isa = PBXBuildFile; fileRef = F4582EA22739BCA3001FA919 /* DisplayImageCollectionViewCell.swift */; };
		F4582EA6273A1DE2001FA919 /* ImageModel.swift in Sources */ = {isa = PBXBuildFile; fileRef = F4582EA5273A1DE2001FA919 /* ImageModel.swift */; };
		F4582EB4273A37CF001FA919 /* EditImageViewController.swift in Sources */ = {isa = PBXBuildFile; fileRef = F4582EB3273A37CF001FA919 /* EditImageViewController.swift */; };
/* End PBXBuildFile section */

/* Begin PBXFileReference section */
		0BEFABC91CC46CB350DD973A /* Pods-ImageEditor.release.xcconfig */ = {isa = PBXFileReference; includeInIndex = 1; lastKnownFileType = text.xcconfig; name = "Pods-ImageEditor.release.xcconfig"; path = "Target Support Files/Pods-ImageEditor/Pods-ImageEditor.release.xcconfig"; sourceTree = "<group>"; };
		36D295B5E30213158F8548FE /* Pods_ImageEditor.framework */ = {isa = PBXFileReference; explicitFileType = wrapper.framework; includeInIndex = 0; path = Pods_ImageEditor.framework; sourceTree = BUILT_PRODUCTS_DIR; };
		53DC07F5687DA21EEA277EE9 /* Pods-ImageEditor.debug.xcconfig */ = {isa = PBXFileReference; includeInIndex = 1; lastKnownFileType = text.xcconfig; name = "Pods-ImageEditor.debug.xcconfig"; path = "Target Support Files/Pods-ImageEditor/Pods-ImageEditor.debug.xcconfig"; sourceTree = "<group>"; };
		F42BE804273C5AD2006BB0B0 /* ImageUploadURL.swift */ = {isa = PBXFileReference; lastKnownFileType = sourcecode.swift; path = ImageUploadURL.swift; sourceTree = "<group>"; };
		F42BE807273C5B4F006BB0B0 /* ImageUpload.swift */ = {isa = PBXFileReference; lastKnownFileType = sourcecode.swift; path = ImageUpload.swift; sourceTree = "<group>"; };
		F4582E742739B9A0001FA919 /* ImageEditor.app */ = {isa = PBXFileReference; explicitFileType = wrapper.application; includeInIndex = 0; path = ImageEditor.app; sourceTree = BUILT_PRODUCTS_DIR; };
		F4582E772739B9A0001FA919 /* AppDelegate.swift */ = {isa = PBXFileReference; lastKnownFileType = sourcecode.swift; path = AppDelegate.swift; sourceTree = "<group>"; };
		F4582E792739B9A0001FA919 /* SceneDelegate.swift */ = {isa = PBXFileReference; lastKnownFileType = sourcecode.swift; path = SceneDelegate.swift; sourceTree = "<group>"; };
		F4582E7E2739B9A0001FA919 /* Base */ = {isa = PBXFileReference; lastKnownFileType = file.storyboard; name = Base; path = Base.lproj/Main.storyboard; sourceTree = "<group>"; };
		F4582E802739B9C5001FA919 /* Assets.xcassets */ = {isa = PBXFileReference; lastKnownFileType = folder.assetcatalog; path = Assets.xcassets; sourceTree = "<group>"; };
		F4582E832739B9C5001FA919 /* Base */ = {isa = PBXFileReference; lastKnownFileType = file.storyboard; name = Base; path = Base.lproj/LaunchScreen.storyboard; sourceTree = "<group>"; };
		F4582E852739B9C5001FA919 /* Info.plist */ = {isa = PBXFileReference; lastKnownFileType = text.plist.xml; path = Info.plist; sourceTree = "<group>"; };
		F4582E952739BB5E001FA919 /* Network.swift */ = {isa = PBXFileReference; lastKnownFileType = sourcecode.swift; path = Network.swift; sourceTree = "<group>"; };
		F4582E992739BB6A001FA919 /* Image.swift */ = {isa = PBXFileReference; lastKnownFileType = sourcecode.swift; path = Image.swift; sourceTree = "<group>"; };
		F4582E9C2739BB78001FA919 /* Model.swift */ = {isa = PBXFileReference; lastKnownFileType = sourcecode.swift; path = Model.swift; sourceTree = "<group>"; };
		F4582E9F2739BBA8001FA919 /* DisplayImageViewController.swift */ = {isa = PBXFileReference; lastKnownFileType = sourcecode.swift; path = DisplayImageViewController.swift; sourceTree = "<group>"; };
		F4582EA22739BCA3001FA919 /* DisplayImageCollectionViewCell.swift */ = {isa = PBXFileReference; lastKnownFileType = sourcecode.swift; path = DisplayImageCollectionViewCell.swift; sourceTree = "<group>"; };
		F4582EA5273A1DE2001FA919 /* ImageModel.swift */ = {isa = PBXFileReference; lastKnownFileType = sourcecode.swift; path = ImageModel.swift; sourceTree = "<group>"; };
		F4582EB3273A37CF001FA919 /* EditImageViewController.swift */ = {isa = PBXFileReference; lastKnownFileType = sourcecode.swift; path = EditImageViewController.swift; sourceTree = "<group>"; };
/* End PBXFileReference section */

/* Begin PBXFrameworksBuildPhase section */
		F4582E712739B9A0001FA919 /* Frameworks */ = {
			isa = PBXFrameworksBuildPhase;
			buildActionMask = 2147483647;
			files = (
				22CF34DE2DB633834FF517D1 /* Pods_ImageEditor.framework in Frameworks */,
			);
			runOnlyForDeploymentPostprocessing = 0;
		};
/* End PBXFrameworksBuildPhase section */

/* Begin PBXGroup section */
		8D7E0A9B34EDE9752AC9ABBF /* Pods */ = {
			isa = PBXGroup;
			children = (
				53DC07F5687DA21EEA277EE9 /* Pods-ImageEditor.debug.xcconfig */,
				0BEFABC91CC46CB350DD973A /* Pods-ImageEditor.release.xcconfig */,
			);
			path = Pods;
			sourceTree = "<group>";
		};
		C5284CC3CFCFFCB21CA1A60B /* Frameworks */ = {
			isa = PBXGroup;
			children = (
				36D295B5E30213158F8548FE /* Pods_ImageEditor.framework */,
			);
			name = Frameworks;
			sourceTree = "<group>";
		};
		F4582E6B2739B99F001FA919 = {
			isa = PBXGroup;
			children = (
				F4582E762739B9A0001FA919 /* ImageEditor */,
				F4582E752739B9A0001FA919 /* Products */,
				8D7E0A9B34EDE9752AC9ABBF /* Pods */,
				C5284CC3CFCFFCB21CA1A60B /* Frameworks */,
			);
			sourceTree = "<group>";
		};
		F4582E752739B9A0001FA919 /* Products */ = {
			isa = PBXGroup;
			children = (
				F4582E742739B9A0001FA919 /* ImageEditor.app */,
			);
			name = Products;
			sourceTree = "<group>";
		};
		F4582E762739B9A0001FA919 /* ImageEditor */ = {
			isa = PBXGroup;
			children = (
				F4582E942739BB2B001FA919 /* Model */,
				F4582E932739BB22001FA919 /* View */,
				F4582E922739BB15001FA919 /* Controller */,
				F4582E772739B9A0001FA919 /* AppDelegate.swift */,
				F4582E792739B9A0001FA919 /* SceneDelegate.swift */,
				F4582E802739B9C5001FA919 /* Assets.xcassets */,
				F4582E852739B9C5001FA919 /* Info.plist */,
			);
			path = ImageEditor;
			sourceTree = "<group>";
		};
		F4582E922739BB15001FA919 /* Controller */ = {
			isa = PBXGroup;
			children = (
				F4582E9F2739BBA8001FA919 /* DisplayImageViewController.swift */,
				F4582EA22739BCA3001FA919 /* DisplayImageCollectionViewCell.swift */,
				F4582EB3273A37CF001FA919 /* EditImageViewController.swift */,
			);
			path = Controller;
			sourceTree = "<group>";
		};
		F4582E932739BB22001FA919 /* View */ = {
			isa = PBXGroup;
			children = (
				F4582E7D2739B9A0001FA919 /* Main.storyboard */,
				F4582E822739B9C5001FA919 /* LaunchScreen.storyboard */,
			);
			path = View;
			sourceTree = "<group>";
		};
		F4582E942739BB2B001FA919 /* Model */ = {
			isa = PBXGroup;
			children = (
				F4582E952739BB5E001FA919 /* Network.swift */,
				F4582E992739BB6A001FA919 /* Image.swift */,
				F4582E9C2739BB78001FA919 /* Model.swift */,
				F4582EA5273A1DE2001FA919 /* ImageModel.swift */,
				F42BE804273C5AD2006BB0B0 /* ImageUploadURL.swift */,
				F42BE807273C5B4F006BB0B0 /* ImageUpload.swift */,
			);
			path = Model;
			sourceTree = "<group>";
		};
/* End PBXGroup section */

/* Begin PBXNativeTarget section */
		F4582E732739B9A0001FA919 /* ImageEditor */ = {
			isa = PBXNativeTarget;
			buildConfigurationList = F4582E882739B9C5001FA919 /* Build configuration list for PBXNativeTarget "ImageEditor" */;
			buildPhases = (
				B8C262242F27275EFC63E9BC /* [CP] Check Pods Manifest.lock */,
				F4582E702739B9A0001FA919 /* Sources */,
				F4582E712739B9A0001FA919 /* Frameworks */,
				F4582E722739B9A0001FA919 /* Resources */,
				ADB34B24614ECED0DC55E6B3 /* [CP] Embed Pods Frameworks */,
			);
			buildRules = (
			);
			dependencies = (
			);
			name = ImageEditor;
			productName = ImageEditor;
			productReference = F4582E742739B9A0001FA919 /* ImageEditor.app */;
			productType = "com.apple.product-type.application";
		};
/* End PBXNativeTarget section */

/* Begin PBXProject section */
		F4582E6C2739B99F001FA919 /* Project object */ = {
			isa = PBXProject;
			attributes = {
				LastSwiftUpdateCheck = 1240;
				LastUpgradeCheck = 1240;
				TargetAttributes = {
					F4582E732739B9A0001FA919 = {
						CreatedOnToolsVersion = 12.4;
					};
				};
			};
			buildConfigurationList = F4582E6F2739B99F001FA919 /* Build configuration list for PBXProject "ImageEditor" */;
			compatibilityVersion = "Xcode 9.3";
			developmentRegion = en;
			hasScannedForEncodings = 0;
			knownRegions = (
				en,
				Base,
			);
			mainGroup = F4582E6B2739B99F001FA919;
			productRefGroup = F4582E752739B9A0001FA919 /* Products */;
			projectDirPath = "";
			projectRoot = "";
			targets = (
				F4582E732739B9A0001FA919 /* ImageEditor */,
			);
		};
/* End PBXProject section */

/* Begin PBXResourcesBuildPhase section */
		F4582E722739B9A0001FA919 /* Resources */ = {
			isa = PBXResourcesBuildPhase;
			buildActionMask = 2147483647;
			files = (
				F4582E842739B9C5001FA919 /* LaunchScreen.storyboard in Resources */,
				F4582E812739B9C5001FA919 /* Assets.xcassets in Resources */,
				F4582E7F2739B9A0001FA919 /* Main.storyboard in Resources */,
			);
			runOnlyForDeploymentPostprocessing = 0;
		};
/* End PBXResourcesBuildPhase section */

/* Begin PBXShellScriptBuildPhase section */
		ADB34B24614ECED0DC55E6B3 /* [CP] Embed Pods Frameworks */ = {
			isa = PBXShellScriptBuildPhase;
			buildActionMask = 2147483647;
			files = (
			);
			inputFileListPaths = (
				"${PODS_ROOT}/Target Support Files/Pods-ImageEditor/Pods-ImageEditor-frameworks-${CONFIGURATION}-input-files.xcfilelist",
			);
			name = "[CP] Embed Pods Frameworks";
			outputFileListPaths = (
				"${PODS_ROOT}/Target Support Files/Pods-ImageEditor/Pods-ImageEditor-frameworks-${CONFIGURATION}-output-files.xcfilelist",
			);
			runOnlyForDeploymentPostprocessing = 0;
			shellPath = /bin/sh;
			shellScript = "\"${PODS_ROOT}/Target Support Files/Pods-ImageEditor/Pods-ImageEditor-frameworks.sh\"\n";
			showEnvVarsInLog = 0;
		};
		B8C262242F27275EFC63E9BC /* [CP] Check Pods Manifest.lock */ = {
			isa = PBXShellScriptBuildPhase;
			buildActionMask = 2147483647;
			files = (
			);
			inputFileListPaths = (
			);
			inputPaths = (
				"${PODS_PODFILE_DIR_PATH}/Podfile.lock",
				"${PODS_ROOT}/Manifest.lock",
			);
			name = "[CP] Check Pods Manifest.lock";
			outputFileListPaths = (
			);
			outputPaths = (
				"$(DERIVED_FILE_DIR)/Pods-ImageEditor-checkManifestLockResult.txt",
			);
			runOnlyForDeploymentPostprocessing = 0;
			shellPath = /bin/sh;
			shellScript = "diff \"${PODS_PODFILE_DIR_PATH}/Podfile.lock\" \"${PODS_ROOT}/Manifest.lock\" > /dev/null\nif [ $? != 0 ] ; then\n    # print error to STDERR\n    echo \"error: The sandbox is not in sync with the Podfile.lock. Run 'pod install' or update your CocoaPods installation.\" >&2\n    exit 1\nfi\n# This output is used by Xcode 'outputs' to avoid re-running this script phase.\necho \"SUCCESS\" > \"${SCRIPT_OUTPUT_FILE_0}\"\n";
			showEnvVarsInLog = 0;
		};
/* End PBXShellScriptBuildPhase section */

/* Begin PBXSourcesBuildPhase section */
		F4582E702739B9A0001FA919 /* Sources */ = {
			isa = PBXSourcesBuildPhase;
			buildActionMask = 2147483647;
			files = (
				F4582E9D2739BB78001FA919 /* Model.swift in Sources */,
				F4582E782739B9A0001FA919 /* AppDelegate.swift in Sources */,
				F42BE805273C5AD2006BB0B0 /* ImageUploadURL.swift in Sources */,
				F4582EB4273A37CF001FA919 /* EditImageViewController.swift in Sources */,
				F42BE808273C5B4F006BB0B0 /* ImageUpload.swift in Sources */,
				F4582E9A2739BB6A001FA919 /* Image.swift in Sources */,
				F4582E7A2739B9A0001FA919 /* SceneDelegate.swift in Sources */,
				F4582EA02739BBA8001FA919 /* DisplayImageViewController.swift in Sources */,
				F4582EA32739BCA3001FA919 /* DisplayImageCollectionViewCell.swift in Sources */,
				F4582E962739BB5E001FA919 /* Network.swift in Sources */,
				F4582EA6273A1DE2001FA919 /* ImageModel.swift in Sources */,
			);
			runOnlyForDeploymentPostprocessing = 0;
		};
/* End PBXSourcesBuildPhase section */

/* Begin PBXVariantGroup section */
		F4582E7D2739B9A0001FA919 /* Main.storyboard */ = {
			isa = PBXVariantGroup;
			children = (
				F4582E7E2739B9A0001FA919 /* Base */,
			);
			name = Main.storyboard;
			sourceTree = "<group>";
		};
		F4582E822739B9C5001FA919 /* LaunchScreen.storyboard */ = {
			isa = PBXVariantGroup;
			children = (
				F4582E832739B9C5001FA919 /* Base */,
			);
			name = LaunchScreen.storyboard;
			sourceTree = "<group>";
		};
/* End PBXVariantGroup section */

/* Begin XCBuildConfiguration section */
		F4582E862739B9C5001FA919 /* Debug */ = {
			isa = XCBuildConfiguration;
			buildSettings = {
				ALWAYS_SEARCH_USER_PATHS = NO;
				CLANG_ANALYZER_NONNULL = YES;
				CLANG_ANALYZER_NUMBER_OBJECT_CONVERSION = YES_AGGRESSIVE;
				CLANG_CXX_LANGUAGE_STANDARD = "gnu++14";
				CLANG_CXX_LIBRARY = "libc++";
				CLANG_ENABLE_MODULES = YES;
				CLANG_ENABLE_OBJC_ARC = YES;
				CLANG_ENABLE_OBJC_WEAK = YES;
				CLANG_WARN_BLOCK_CAPTURE_AUTORELEASING = YES;
				CLANG_WARN_BOOL_CONVERSION = YES;
				CLANG_WARN_COMMA = YES;
				CLANG_WARN_CONSTANT_CONVERSION = YES;
				CLANG_WARN_DEPRECATED_OBJC_IMPLEMENTATIONS = YES;
				CLANG_WARN_DIRECT_OBJC_ISA_USAGE = YES_ERROR;
				CLANG_WARN_DOCUMENTATION_COMMENTS = YES;
				CLANG_WARN_EMPTY_BODY = YES;
				CLANG_WARN_ENUM_CONVERSION = YES;
				CLANG_WARN_INFINITE_RECURSION = YES;
				CLANG_WARN_INT_CONVERSION = YES;
				CLANG_WARN_NON_LITERAL_NULL_CONVERSION = YES;
				CLANG_WARN_OBJC_IMPLICIT_RETAIN_SELF = YES;
				CLANG_WARN_OBJC_LITERAL_CONVERSION = YES;
				CLANG_WARN_OBJC_ROOT_CLASS = YES_ERROR;
				CLANG_WARN_QUOTED_INCLUDE_IN_FRAMEWORK_HEADER = YES;
				CLANG_WARN_RANGE_LOOP_ANALYSIS = YES;
				CLANG_WARN_STRICT_PROTOTYPES = YES;
				CLANG_WARN_SUSPICIOUS_MOVE = YES;
				CLANG_WARN_UNGUARDED_AVAILABILITY = YES_AGGRESSIVE;
				CLANG_WARN_UNREACHABLE_CODE = YES;
				CLANG_WARN__DUPLICATE_METHOD_MATCH = YES;
				COPY_PHASE_STRIP = NO;
				DEBUG_INFORMATION_FORMAT = dwarf;
				ENABLE_STRICT_OBJC_MSGSEND = YES;
				ENABLE_TESTABILITY = YES;
				GCC_C_LANGUAGE_STANDARD = gnu11;
				GCC_DYNAMIC_NO_PIC = NO;
				GCC_NO_COMMON_BLOCKS = YES;
				GCC_OPTIMIZATION_LEVEL = 0;
				GCC_PREPROCESSOR_DEFINITIONS = (
					"DEBUG=1",
					"$(inherited)",
				);
				GCC_WARN_64_TO_32_BIT_CONVERSION = YES;
				GCC_WARN_ABOUT_RETURN_TYPE = YES_ERROR;
				GCC_WARN_UNDECLARED_SELECTOR = YES;
				GCC_WARN_UNINITIALIZED_AUTOS = YES_AGGRESSIVE;
				GCC_WARN_UNUSED_FUNCTION = YES;
				GCC_WARN_UNUSED_VARIABLE = YES;
				IPHONEOS_DEPLOYMENT_TARGET = 14.4;
				MTL_ENABLE_DEBUG_INFO = INCLUDE_SOURCE;
				MTL_FAST_MATH = YES;
				ONLY_ACTIVE_ARCH = YES;
				SDKROOT = iphoneos;
				SWIFT_ACTIVE_COMPILATION_CONDITIONS = DEBUG;
				SWIFT_OPTIMIZATION_LEVEL = "-Onone";
			};
			name = Debug;
		};
		F4582E872739B9C5001FA919 /* Release */ = {
			isa = XCBuildConfiguration;
			buildSettings = {
				ALWAYS_SEARCH_USER_PATHS = NO;
				CLANG_ANALYZER_NONNULL = YES;
				CLANG_ANALYZER_NUMBER_OBJECT_CONVERSION = YES_AGGRESSIVE;
				CLANG_CXX_LANGUAGE_STANDARD = "gnu++14";
				CLANG_CXX_LIBRARY = "libc++";
				CLANG_ENABLE_MODULES = YES;
				CLANG_ENABLE_OBJC_ARC = YES;
				CLANG_ENABLE_OBJC_WEAK = YES;
				CLANG_WARN_BLOCK_CAPTURE_AUTORELEASING = YES;
				CLANG_WARN_BOOL_CONVERSION = YES;
				CLANG_WARN_COMMA = YES;
				CLANG_WARN_CONSTANT_CONVERSION = YES;
				CLANG_WARN_DEPRECATED_OBJC_IMPLEMENTATIONS = YES;
				CLANG_WARN_DIRECT_OBJC_ISA_USAGE = YES_ERROR;
				CLANG_WARN_DOCUMENTATION_COMMENTS = YES;
				CLANG_WARN_EMPTY_BODY = YES;
				CLANG_WARN_ENUM_CONVERSION = YES;
				CLANG_WARN_INFINITE_RECURSION = YES;
				CLANG_WARN_INT_CONVERSION = YES;
				CLANG_WARN_NON_LITERAL_NULL_CONVERSION = YES;
				CLANG_WARN_OBJC_IMPLICIT_RETAIN_SELF = YES;
				CLANG_WARN_OBJC_LITERAL_CONVERSION = YES;
				CLANG_WARN_OBJC_ROOT_CLASS = YES_ERROR;
				CLANG_WARN_QUOTED_INCLUDE_IN_FRAMEWORK_HEADER = YES;
				CLANG_WARN_RANGE_LOOP_ANALYSIS = YES;
				CLANG_WARN_STRICT_PROTOTYPES = YES;
				CLANG_WARN_SUSPICIOUS_MOVE = YES;
				CLANG_WARN_UNGUARDED_AVAILABILITY = YES_AGGRESSIVE;
				CLANG_WARN_UNREACHABLE_CODE = YES;
				CLANG_WARN__DUPLICATE_METHOD_MATCH = YES;
				COPY_PHASE_STRIP = NO;
				DEBUG_INFORMATION_FORMAT = "dwarf-with-dsym";
				ENABLE_NS_ASSERTIONS = NO;
				ENABLE_STRICT_OBJC_MSGSEND = YES;
				GCC_C_LANGUAGE_STANDARD = gnu11;
				GCC_NO_COMMON_BLOCKS = YES;
				GCC_WARN_64_TO_32_BIT_CONVERSION = YES;
				GCC_WARN_ABOUT_RETURN_TYPE = YES_ERROR;
				GCC_WARN_UNDECLARED_SELECTOR = YES;
				GCC_WARN_UNINITIALIZED_AUTOS = YES_AGGRESSIVE;
				GCC_WARN_UNUSED_FUNCTION = YES;
				GCC_WARN_UNUSED_VARIABLE = YES;
				IPHONEOS_DEPLOYMENT_TARGET = 14.4;
				MTL_ENABLE_DEBUG_INFO = NO;
				MTL_FAST_MATH = YES;
				SDKROOT = iphoneos;
				SWIFT_COMPILATION_MODE = wholemodule;
				SWIFT_OPTIMIZATION_LEVEL = "-O";
				VALIDATE_PRODUCT = YES;
			};
			name = Release;
		};
		F4582E892739B9C5001FA919 /* Debug */ = {
			isa = XCBuildConfiguration;
			baseConfigurationReference = 53DC07F5687DA21EEA277EE9 /* Pods-ImageEditor.debug.xcconfig */;
			buildSettings = {
				ASSETCATALOG_COMPILER_APPICON_NAME = AppIcon;
				ASSETCATALOG_COMPILER_GLOBAL_ACCENT_COLOR_NAME = AccentColor;
				CODE_SIGN_STYLE = Automatic;
				INFOPLIST_FILE = ImageEditor/Info.plist;
				LD_RUNPATH_SEARCH_PATHS = (
					"$(inherited)",
					"@executable_path/Frameworks",
				);
				PRODUCT_BUNDLE_IDENTIFIER = KH.ImageEditor;
				PRODUCT_NAME = "$(TARGET_NAME)";
				SWIFT_VERSION = 5.0;
				TARGETED_DEVICE_FAMILY = "1,2";
			};
			name = Debug;
		};
		F4582E8A2739B9C5001FA919 /* Release */ = {
			isa = XCBuildConfiguration;
			baseConfigurationReference = 0BEFABC91CC46CB350DD973A /* Pods-ImageEditor.release.xcconfig */;
			buildSettings = {
				ASSETCATALOG_COMPILER_APPICON_NAME = AppIcon;
				ASSETCATALOG_COMPILER_GLOBAL_ACCENT_COLOR_NAME = AccentColor;
				CODE_SIGN_STYLE = Automatic;
				INFOPLIST_FILE = ImageEditor/Info.plist;
				LD_RUNPATH_SEARCH_PATHS = (
					"$(inherited)",
					"@executable_path/Frameworks",
				);
				PRODUCT_BUNDLE_IDENTIFIER = KH.ImageEditor;
				PRODUCT_NAME = "$(TARGET_NAME)";
				SWIFT_VERSION = 5.0;
				TARGETED_DEVICE_FAMILY = "1,2";
			};
			name = Release;
		};
/* End XCBuildConfiguration section */

/* Begin XCConfigurationList section */
		F4582E6F2739B99F001FA919 /* Build configuration list for PBXProject "ImageEditor" */ = {
			isa = XCConfigurationList;
			buildConfigurations = (
				F4582E862739B9C5001FA919 /* Debug */,
				F4582E872739B9C5001FA919 /* Release */,
			);
			defaultConfigurationIsVisible = 0;
			defaultConfigurationName = Release;
		};
		F4582E882739B9C5001FA919 /* Build configuration list for PBXNativeTarget "ImageEditor" */ = {
			isa = XCConfigurationList;
			buildConfigurations = (
				F4582E892739B9C5001FA919 /* Debug */,
				F4582E8A2739B9C5001FA919 /* Release */,
			);
			defaultConfigurationIsVisible = 0;
			defaultConfigurationName = Release;
		};
/* End XCConfigurationList section */
	};
	rootObject = F4582E6C2739B99F001FA919 /* Project object */;
}
